
Microsoft Visual Studio Solution File, Format Version 12.00
# Visual Studio 15
Project("{FAE04EC0-301F-11D3-BF4B-00C04F79EFBC}") = "Branch-Xamarin-SDK", "Branch-Xamarin-SDK\Branch-Xamarin-SDK.csproj", "{5F491888-E3EF-4A87-9296-75908B2DB31C}"
EndProject
Project("{FAE04EC0-301F-11D3-BF4B-00C04F79EFBC}") = "Branch-Xamarin-Lib.Droid", "Branch-Xamarin-Lib.Droid\Branch-Xamarin-Lib.Droid.csproj", "{E25C0C32-FAFA-47E0-957D-00B0F4AA6679}"
EndProject
Project("{FAE04EC0-301F-11D3-BF4B-00C04F79EFBC}") = "Branch-Xamarin-Lib.iOS", "Branch-Xamarin-Lib.iOS\Branch-Xamarin-Lib.iOS.csproj", "{7057987E-4B0F-4D43-BEEB-65C13A57AAD0}"
EndProject
Project("{FAE04EC0-301F-11D3-BF4B-00C04F79EFBC}") = "Branch-Xamarin-SDK.Droid", "Branch-Xamarin-SDK.Droid\Branch-Xamarin-SDK.Droid.csproj", "{84BBDD54-0216-47EF-A293-2A4726A682A8}"
EndProject
Project("{FAE04EC0-301F-11D3-BF4B-00C04F79EFBC}") = "Branch-Xamarin-SDK.iOS", "Branch-Xamarin-SDK.iOS\Branch-Xamarin-SDK.iOS.csproj", "{3F24A531-821D-4E9B-9776-31E19ABAF087}"
EndProject
Project("{FAE04EC0-301F-11D3-BF4B-00C04F79EFBC}") = "Branch-Xamarin-Testbed", "Branch-Xamarin-Testbed\Branch-Xamarin-Testbed.csproj", "{6CEB1D9B-7A7B-420E-8CA2-AAD59116F2A8}"
EndProject
Project("{FAE04EC0-301F-11D3-BF4B-00C04F79EFBC}") = "Branch-Xamarin-Testbed.Droid", "Branch-Xamarin-Testbed.Droid\Branch-Xamarin-Testbed.Droid.csproj", "{EA711BCB-241F-400D-83A5-8652F3B80504}"
EndProject
Project("{FAE04EC0-301F-11D3-BF4B-00C04F79EFBC}") = "Branch-Xamarin-Testbed.iOS", "Branch-Xamarin-Testbed.iOS\Branch-Xamarin-Testbed.iOS.csproj", "{60ABE82E-57BB-4BB1-B74F-7FD764C011B9}"
EndProject
Global
	GlobalSection(SolutionConfigurationPlatforms) = preSolution
		Debug|Any CPU = Debug|Any CPU
		Release|Any CPU = Release|Any CPU
		Debug|iPhoneSimulator = Debug|iPhoneSimulator
		Release|iPhoneSimulator = Release|iPhoneSimulator
		Debug|iPhone = Debug|iPhone
		Release|iPhone = Release|iPhone
	EndGlobalSection
	GlobalSection(ProjectConfigurationPlatforms) = postSolution
		{5F491888-E3EF-4A87-9296-75908B2DB31C}.Debug|Any CPU.ActiveCfg = Debug|Any CPU
		{5F491888-E3EF-4A87-9296-75908B2DB31C}.Debug|Any CPU.Build.0 = Debug|Any CPU
		{5F491888-E3EF-4A87-9296-75908B2DB31C}.Release|Any CPU.ActiveCfg = Release|Any CPU
		{5F491888-E3EF-4A87-9296-75908B2DB31C}.Release|Any CPU.Build.0 = Release|Any CPU
		{5F491888-E3EF-4A87-9296-75908B2DB31C}.Debug|iPhoneSimulator.ActiveCfg = Debug|Any CPU
		{5F491888-E3EF-4A87-9296-75908B2DB31C}.Debug|iPhoneSimulator.Build.0 = Debug|Any CPU
		{5F491888-E3EF-4A87-9296-75908B2DB31C}.Release|iPhoneSimulator.ActiveCfg = Release|Any CPU
		{5F491888-E3EF-4A87-9296-75908B2DB31C}.Release|iPhoneSimulator.Build.0 = Release|Any CPU
		{5F491888-E3EF-4A87-9296-75908B2DB31C}.Debug|iPhone.ActiveCfg = Debug|Any CPU
		{5F491888-E3EF-4A87-9296-75908B2DB31C}.Debug|iPhone.Build.0 = Debug|Any CPU
		{5F491888-E3EF-4A87-9296-75908B2DB31C}.Release|iPhone.ActiveCfg = Release|Any CPU
		{5F491888-E3EF-4A87-9296-75908B2DB31C}.Release|iPhone.Build.0 = Release|Any CPU
		{E25C0C32-FAFA-47E0-957D-00B0F4AA6679}.Debug|Any CPU.ActiveCfg = Debug|Any CPU
		{E25C0C32-FAFA-47E0-957D-00B0F4AA6679}.Debug|Any CPU.Build.0 = Debug|Any CPU
		{E25C0C32-FAFA-47E0-957D-00B0F4AA6679}.Release|Any CPU.ActiveCfg = Release|Any CPU
		{E25C0C32-FAFA-47E0-957D-00B0F4AA6679}.Release|Any CPU.Build.0 = Release|Any CPU
		{E25C0C32-FAFA-47E0-957D-00B0F4AA6679}.Debug|iPhoneSimulator.ActiveCfg = Debug|Any CPU
		{E25C0C32-FAFA-47E0-957D-00B0F4AA6679}.Debug|iPhoneSimulator.Build.0 = Debug|Any CPU
		{E25C0C32-FAFA-47E0-957D-00B0F4AA6679}.Release|iPhoneSimulator.ActiveCfg = Release|Any CPU
		{E25C0C32-FAFA-47E0-957D-00B0F4AA6679}.Release|iPhoneSimulator.Build.0 = Release|Any CPU
		{E25C0C32-FAFA-47E0-957D-00B0F4AA6679}.Debug|iPhone.ActiveCfg = Debug|Any CPU
		{E25C0C32-FAFA-47E0-957D-00B0F4AA6679}.Debug|iPhone.Build.0 = Debug|Any CPU
		{E25C0C32-FAFA-47E0-957D-00B0F4AA6679}.Release|iPhone.ActiveCfg = Release|Any CPU
		{E25C0C32-FAFA-47E0-957D-00B0F4AA6679}.Release|iPhone.Build.0 = Release|Any CPU
		{7057987E-4B0F-4D43-BEEB-65C13A57AAD0}.Debug|Any CPU.ActiveCfg = Debug|Any CPU
		{7057987E-4B0F-4D43-BEEB-65C13A57AAD0}.Debug|Any CPU.Build.0 = Debug|Any CPU
		{7057987E-4B0F-4D43-BEEB-65C13A57AAD0}.Release|Any CPU.ActiveCfg = Release|Any CPU
		{7057987E-4B0F-4D43-BEEB-65C13A57AAD0}.Release|Any CPU.Build.0 = Release|Any CPU
		{7057987E-4B0F-4D43-BEEB-65C13A57AAD0}.Debug|iPhoneSimulator.ActiveCfg = Debug|Any CPU
		{7057987E-4B0F-4D43-BEEB-65C13A57AAD0}.Debug|iPhoneSimulator.Build.0 = Debug|Any CPU
		{7057987E-4B0F-4D43-BEEB-65C13A57AAD0}.Release|iPhoneSimulator.ActiveCfg = Release|Any CPU
		{7057987E-4B0F-4D43-BEEB-65C13A57AAD0}.Release|iPhoneSimulator.Build.0 = Release|Any CPU
		{7057987E-4B0F-4D43-BEEB-65C13A57AAD0}.Debug|iPhone.ActiveCfg = Debug|Any CPU
		{7057987E-4B0F-4D43-BEEB-65C13A57AAD0}.Debug|iPhone.Build.0 = Debug|Any CPU
		{7057987E-4B0F-4D43-BEEB-65C13A57AAD0}.Release|iPhone.ActiveCfg = Release|Any CPU
		{7057987E-4B0F-4D43-BEEB-65C13A57AAD0}.Release|iPhone.Build.0 = Release|Any CPU
		{84BBDD54-0216-47EF-A293-2A4726A682A8}.Debug|Any CPU.ActiveCfg = Debug|Any CPU
		{84BBDD54-0216-47EF-A293-2A4726A682A8}.Debug|Any CPU.Build.0 = Debug|Any CPU
		{84BBDD54-0216-47EF-A293-2A4726A682A8}.Release|Any CPU.ActiveCfg = Release|Any CPU
		{84BBDD54-0216-47EF-A293-2A4726A682A8}.Release|Any CPU.Build.0 = Release|Any CPU
		{84BBDD54-0216-47EF-A293-2A4726A682A8}.Debug|iPhoneSimulator.ActiveCfg = Debug|Any CPU
		{84BBDD54-0216-47EF-A293-2A4726A682A8}.Debug|iPhoneSimulator.Build.0 = Debug|Any CPU
		{84BBDD54-0216-47EF-A293-2A4726A682A8}.Release|iPhoneSimulator.ActiveCfg = Release|Any CPU
		{84BBDD54-0216-47EF-A293-2A4726A682A8}.Release|iPhoneSimulator.Build.0 = Release|Any CPU
		{84BBDD54-0216-47EF-A293-2A4726A682A8}.Debug|iPhone.ActiveCfg = Debug|Any CPU
		{84BBDD54-0216-47EF-A293-2A4726A682A8}.Debug|iPhone.Build.0 = Debug|Any CPU
		{84BBDD54-0216-47EF-A293-2A4726A682A8}.Release|iPhone.ActiveCfg = Release|Any CPU
		{84BBDD54-0216-47EF-A293-2A4726A682A8}.Release|iPhone.Build.0 = Release|Any CPU
		{3F24A531-821D-4E9B-9776-31E19ABAF087}.Debug|Any CPU.ActiveCfg = Debug|Any CPU
		{3F24A531-821D-4E9B-9776-31E19ABAF087}.Debug|Any CPU.Build.0 = Debug|Any CPU
		{3F24A531-821D-4E9B-9776-31E19ABAF087}.Release|Any CPU.ActiveCfg = Release|Any CPU
		{3F24A531-821D-4E9B-9776-31E19ABAF087}.Release|Any CPU.Build.0 = Release|Any CPU
		{3F24A531-821D-4E9B-9776-31E19ABAF087}.Debug|iPhoneSimulator.ActiveCfg = Debug|Any CPU
		{3F24A531-821D-4E9B-9776-31E19ABAF087}.Debug|iPhoneSimulator.Build.0 = Debug|Any CPU
		{3F24A531-821D-4E9B-9776-31E19ABAF087}.Release|iPhoneSimulator.ActiveCfg = Release|Any CPU
		{3F24A531-821D-4E9B-9776-31E19ABAF087}.Release|iPhoneSimulator.Build.0 = Release|Any CPU
		{3F24A531-821D-4E9B-9776-31E19ABAF087}.Debug|iPhone.ActiveCfg = Debug|Any CPU
		{3F24A531-821D-4E9B-9776-31E19ABAF087}.Debug|iPhone.Build.0 = Debug|Any CPU
		{3F24A531-821D-4E9B-9776-31E19ABAF087}.Release|iPhone.ActiveCfg = Release|Any CPU
		{3F24A531-821D-4E9B-9776-31E19ABAF087}.Release|iPhone.Build.0 = Release|Any CPU
		{6CEB1D9B-7A7B-420E-8CA2-AAD59116F2A8}.Debug|Any CPU.ActiveCfg = Debug|Any CPU
		{6CEB1D9B-7A7B-420E-8CA2-AAD59116F2A8}.Debug|Any CPU.Build.0 = Debug|Any CPU
		{6CEB1D9B-7A7B-420E-8CA2-AAD59116F2A8}.Release|Any CPU.ActiveCfg = Release|Any CPU
		{6CEB1D9B-7A7B-420E-8CA2-AAD59116F2A8}.Release|Any CPU.Build.0 = Release|Any CPU
		{6CEB1D9B-7A7B-420E-8CA2-AAD59116F2A8}.Debug|iPhoneSimulator.ActiveCfg = Debug|Any CPU
		{6CEB1D9B-7A7B-420E-8CA2-AAD59116F2A8}.Debug|iPhoneSimulator.Build.0 = Debug|Any CPU
		{6CEB1D9B-7A7B-420E-8CA2-AAD59116F2A8}.Release|iPhoneSimulator.ActiveCfg = Release|Any CPU
		{6CEB1D9B-7A7B-420E-8CA2-AAD59116F2A8}.Release|iPhoneSimulator.Build.0 = Release|Any CPU
		{6CEB1D9B-7A7B-420E-8CA2-AAD59116F2A8}.Debug|iPhone.ActiveCfg = Debug|Any CPU
		{6CEB1D9B-7A7B-420E-8CA2-AAD59116F2A8}.Debug|iPhone.Build.0 = Debug|Any CPU
		{6CEB1D9B-7A7B-420E-8CA2-AAD59116F2A8}.Release|iPhone.ActiveCfg = Release|Any CPU
		{6CEB1D9B-7A7B-420E-8CA2-AAD59116F2A8}.Release|iPhone.Build.0 = Release|Any CPU
		{EA711BCB-241F-400D-83A5-8652F3B80504}.Debug|Any CPU.ActiveCfg = Debug|Any CPU
		{EA711BCB-241F-400D-83A5-8652F3B80504}.Debug|Any CPU.Build.0 = Debug|Any CPU
		{EA711BCB-241F-400D-83A5-8652F3B80504}.Release|Any CPU.ActiveCfg = Release|Any CPU
		{EA711BCB-241F-400D-83A5-8652F3B80504}.Release|Any CPU.Build.0 = Release|Any CPU
		{EA711BCB-241F-400D-83A5-8652F3B80504}.Debug|iPhoneSimulator.ActiveCfg = Debug|Any CPU
		{EA711BCB-241F-400D-83A5-8652F3B80504}.Debug|iPhoneSimulator.Build.0 = Debug|Any CPU
		{EA711BCB-241F-400D-83A5-8652F3B80504}.Release|iPhoneSimulator.ActiveCfg = Release|Any CPU
		{EA711BCB-241F-400D-83A5-8652F3B80504}.Release|iPhoneSimulator.Build.0 = Release|Any CPU
		{EA711BCB-241F-400D-83A5-8652F3B80504}.Debug|iPhone.ActiveCfg = Debug|Any CPU
		{EA711BCB-241F-400D-83A5-8652F3B80504}.Debug|iPhone.Build.0 = Debug|Any CPU
		{EA711BCB-241F-400D-83A5-8652F3B80504}.Release|iPhone.ActiveCfg = Release|Any CPU
		{EA711BCB-241F-400D-83A5-8652F3B80504}.Release|iPhone.Build.0 = Release|Any CPU
		{60ABE82E-57BB-4BB1-B74F-7FD764C011B9}.Debug|Any CPU.ActiveCfg = Debug|iPhoneSimulator
		{60ABE82E-57BB-4BB1-B74F-7FD764C011B9}.Debug|Any CPU.Build.0 = Debug|iPhoneSimulator
		{60ABE82E-57BB-4BB1-B74F-7FD764C011B9}.Release|Any CPU.ActiveCfg = Release|iPhoneSimulator
		{60ABE82E-57BB-4BB1-B74F-7FD764C011B9}.Release|Any CPU.Build.0 = Release|iPhoneSimulator
		{60ABE82E-57BB-4BB1-B74F-7FD764C011B9}.Debug|iPhoneSimulator.ActiveCfg = Debug|iPhoneSimulator
		{60ABE82E-57BB-4BB1-B74F-7FD764C011B9}.Debug|iPhoneSimulator.Build.0 = Debug|iPhoneSimulator
		{60ABE82E-57BB-4BB1-B74F-7FD764C011B9}.Release|iPhoneSimulator.ActiveCfg = Release|iPhoneSimulator
		{60ABE82E-57BB-4BB1-B74F-7FD764C011B9}.Release|iPhoneSimulator.Build.0 = Release|iPhoneSimulator
		{60ABE82E-57BB-4BB1-B74F-7FD764C011B9}.Debug|iPhone.ActiveCfg = Debug|iPhone
		{60ABE82E-57BB-4BB1-B74F-7FD764C011B9}.Debug|iPhone.Build.0 = Debug|iPhone
		{60ABE82E-57BB-4BB1-B74F-7FD764C011B9}.Release|iPhone.ActiveCfg = Release|iPhone
		{60ABE82E-57BB-4BB1-B74F-7FD764C011B9}.Release|iPhone.Build.0 = Release|iPhone
	EndGlobalSection
EndGlobal
