
Microsoft Visual Studio Solution File, Format Version 12.00
# Visual Studio 2012
Project("{FAE04EC0-301F-11D3-BF4B-00C04F79EFBC}") = "Branch-Xamarin-SDK", "Branch-Xamarin-SDK\Branch-Xamarin-SDK.csproj", "{75851B44-995D-499D-9A54-904700FD8730}"
EndProject
Project("{FAE04EC0-301F-11D3-BF4B-00C04F79EFBC}") = "Branch-Xamarin-Lib.Droid", "Branch-Xamarin-Lib.Droid\Branch-Xamarin-Lib.Droid.csproj", "{9FD07E8E-AD56-4836-8BD2-490EC68F93E8}"
EndProject
Project("{FAE04EC0-301F-11D3-BF4B-00C04F79EFBC}") = "Branch-Xamarin-Lib.iOS", "Branch-Xamarin-Lib.iOS\Branch-Xamarin-Lib.iOS.csproj", "{D2DE7611-F6B8-4516-988E-45B4679E6F65}"
EndProject
Project("{FAE04EC0-301F-11D3-BF4B-00C04F79EFBC}") = "Branch-Xamarin-SDK.iOS", "Branch-Xamarin-SDK.iOS\Branch-Xamarin-SDK.iOS.csproj", "{C78784FE-584B-46B3-BAA7-67A0937D160B}"
EndProject
Project("{FAE04EC0-301F-11D3-BF4B-00C04F79EFBC}") = "Branch-Xamarin-SDK.Droid", "Branch-Xamarin-SDK.Droid\Branch-Xamarin-SDK.Droid.csproj", "{FB6DAE0A-A47B-4056-B3DA-2B00CD8E6391}"
EndProject
Project("{FAE04EC0-301F-11D3-BF4B-00C04F79EFBC}") = "Branch-Xamarin-Testbed", "Branch-Xamarin-Testbed\Branch-Xamarin-Testbed.csproj", "{2397DB4E-6404-430A-AF3F-F78B33E9CA8D}"
EndProject
Project("{FAE04EC0-301F-11D3-BF4B-00C04F79EFBC}") = "Branch-Xamarin-Testbed.Droid", "Branch-Xamarin-Testbed.Droid\Branch-Xamarin-Testbed.Droid.csproj", "{F9BBBD33-13A8-4B31-96FB-0C9705D6CF9B}"
EndProject
Project("{FAE04EC0-301F-11D3-BF4B-00C04F79EFBC}") = "Branch-Xamarin-Testbed.iOS", "Branch-Xamarin-Testbed.iOS\Branch-Xamarin-Testbed.iOS.csproj", "{FD4E7FC2-652B-47AC-A149-F1AA6A46D53D}"
EndProject
Global
	GlobalSection(SolutionConfigurationPlatforms) = preSolution
		Debug|Any CPU = Debug|Any CPU
		Release|Any CPU = Release|Any CPU
		Debug|iPhoneSimulator = Debug|iPhoneSimulator
		Release|iPhone = Release|iPhone
		Release|iPhoneSimulator = Release|iPhoneSimulator
		Debug|iPhone = Debug|iPhone
	EndGlobalSection
	GlobalSection(ProjectConfigurationPlatforms) = postSolution
		{2397DB4E-6404-430A-AF3F-F78B33E9CA8D}.Debug|Any CPU.ActiveCfg = Debug|Any CPU
		{2397DB4E-6404-430A-AF3F-F78B33E9CA8D}.Debug|Any CPU.Build.0 = Debug|Any CPU
		{2397DB4E-6404-430A-AF3F-F78B33E9CA8D}.Debug|iPhone.ActiveCfg = Debug|Any CPU
		{2397DB4E-6404-430A-AF3F-F78B33E9CA8D}.Debug|iPhone.Build.0 = Debug|Any CPU
		{2397DB4E-6404-430A-AF3F-F78B33E9CA8D}.Debug|iPhoneSimulator.ActiveCfg = Debug|Any CPU
		{2397DB4E-6404-430A-AF3F-F78B33E9CA8D}.Debug|iPhoneSimulator.Build.0 = Debug|Any CPU
		{2397DB4E-6404-430A-AF3F-F78B33E9CA8D}.Release|Any CPU.ActiveCfg = Release|Any CPU
		{2397DB4E-6404-430A-AF3F-F78B33E9CA8D}.Release|Any CPU.Build.0 = Release|Any CPU
		{2397DB4E-6404-430A-AF3F-F78B33E9CA8D}.Release|iPhone.ActiveCfg = Release|Any CPU
		{2397DB4E-6404-430A-AF3F-F78B33E9CA8D}.Release|iPhone.Build.0 = Release|Any CPU
		{2397DB4E-6404-430A-AF3F-F78B33E9CA8D}.Release|iPhoneSimulator.ActiveCfg = Release|Any CPU
		{2397DB4E-6404-430A-AF3F-F78B33E9CA8D}.Release|iPhoneSimulator.Build.0 = Release|Any CPU
		{75851B44-995D-499D-9A54-904700FD8730}.Debug|Any CPU.ActiveCfg = Debug|Any CPU
		{75851B44-995D-499D-9A54-904700FD8730}.Debug|Any CPU.Build.0 = Debug|Any CPU
		{75851B44-995D-499D-9A54-904700FD8730}.Debug|iPhone.ActiveCfg = Debug|Any CPU
		{75851B44-995D-499D-9A54-904700FD8730}.Debug|iPhone.Build.0 = Debug|Any CPU
		{75851B44-995D-499D-9A54-904700FD8730}.Debug|iPhoneSimulator.ActiveCfg = Debug|Any CPU
		{75851B44-995D-499D-9A54-904700FD8730}.Debug|iPhoneSimulator.Build.0 = Debug|Any CPU
		{75851B44-995D-499D-9A54-904700FD8730}.Release|Any CPU.ActiveCfg = Release|Any CPU
		{75851B44-995D-499D-9A54-904700FD8730}.Release|Any CPU.Build.0 = Release|Any CPU
		{75851B44-995D-499D-9A54-904700FD8730}.Release|iPhone.ActiveCfg = Release|Any CPU
		{75851B44-995D-499D-9A54-904700FD8730}.Release|iPhone.Build.0 = Release|Any CPU
		{75851B44-995D-499D-9A54-904700FD8730}.Release|iPhoneSimulator.ActiveCfg = Release|Any CPU
		{75851B44-995D-499D-9A54-904700FD8730}.Release|iPhoneSimulator.Build.0 = Release|Any CPU
		{9FD07E8E-AD56-4836-8BD2-490EC68F93E8}.Debug|Any CPU.ActiveCfg = Debug|Any CPU
		{9FD07E8E-AD56-4836-8BD2-490EC68F93E8}.Debug|Any CPU.Build.0 = Debug|Any CPU
		{9FD07E8E-AD56-4836-8BD2-490EC68F93E8}.Debug|iPhone.ActiveCfg = Debug|Any CPU
		{9FD07E8E-AD56-4836-8BD2-490EC68F93E8}.Debug|iPhone.Build.0 = Debug|Any CPU
		{9FD07E8E-AD56-4836-8BD2-490EC68F93E8}.Debug|iPhoneSimulator.ActiveCfg = Debug|Any CPU
		{9FD07E8E-AD56-4836-8BD2-490EC68F93E8}.Debug|iPhoneSimulator.Build.0 = Debug|Any CPU
		{9FD07E8E-AD56-4836-8BD2-490EC68F93E8}.Release|Any CPU.ActiveCfg = Release|Any CPU
		{9FD07E8E-AD56-4836-8BD2-490EC68F93E8}.Release|Any CPU.Build.0 = Release|Any CPU
		{9FD07E8E-AD56-4836-8BD2-490EC68F93E8}.Release|iPhone.ActiveCfg = Release|Any CPU
		{9FD07E8E-AD56-4836-8BD2-490EC68F93E8}.Release|iPhone.Build.0 = Release|Any CPU
		{9FD07E8E-AD56-4836-8BD2-490EC68F93E8}.Release|iPhoneSimulator.ActiveCfg = Release|Any CPU
		{9FD07E8E-AD56-4836-8BD2-490EC68F93E8}.Release|iPhoneSimulator.Build.0 = Release|Any CPU
		{C78784FE-584B-46B3-BAA7-67A0937D160B}.Debug|Any CPU.ActiveCfg = Debug|Any CPU
		{C78784FE-584B-46B3-BAA7-67A0937D160B}.Debug|Any CPU.Build.0 = Debug|Any CPU
		{C78784FE-584B-46B3-BAA7-67A0937D160B}.Debug|iPhone.ActiveCfg = Debug|Any CPU
		{C78784FE-584B-46B3-BAA7-67A0937D160B}.Debug|iPhone.Build.0 = Debug|Any CPU
		{C78784FE-584B-46B3-BAA7-67A0937D160B}.Debug|iPhoneSimulator.ActiveCfg = Debug|Any CPU
		{C78784FE-584B-46B3-BAA7-67A0937D160B}.Debug|iPhoneSimulator.Build.0 = Debug|Any CPU
		{C78784FE-584B-46B3-BAA7-67A0937D160B}.Release|Any CPU.ActiveCfg = Release|Any CPU
		{C78784FE-584B-46B3-BAA7-67A0937D160B}.Release|Any CPU.Build.0 = Release|Any CPU
		{C78784FE-584B-46B3-BAA7-67A0937D160B}.Release|iPhone.ActiveCfg = Release|Any CPU
		{C78784FE-584B-46B3-BAA7-67A0937D160B}.Release|iPhone.Build.0 = Release|Any CPU
		{C78784FE-584B-46B3-BAA7-67A0937D160B}.Release|iPhoneSimulator.ActiveCfg = Release|Any CPU
		{C78784FE-584B-46B3-BAA7-67A0937D160B}.Release|iPhoneSimulator.Build.0 = Release|Any CPU
		{D2DE7611-F6B8-4516-988E-45B4679E6F65}.Debug|Any CPU.ActiveCfg = Debug|Any CPU
		{D2DE7611-F6B8-4516-988E-45B4679E6F65}.Debug|Any CPU.Build.0 = Debug|Any CPU
		{D2DE7611-F6B8-4516-988E-45B4679E6F65}.Debug|iPhone.ActiveCfg = Debug|Any CPU
		{D2DE7611-F6B8-4516-988E-45B4679E6F65}.Debug|iPhone.Build.0 = Debug|Any CPU
		{D2DE7611-F6B8-4516-988E-45B4679E6F65}.Debug|iPhoneSimulator.ActiveCfg = Debug|Any CPU
		{D2DE7611-F6B8-4516-988E-45B4679E6F65}.Debug|iPhoneSimulator.Build.0 = Debug|Any CPU
		{D2DE7611-F6B8-4516-988E-45B4679E6F65}.Release|Any CPU.ActiveCfg = Release|Any CPU
		{D2DE7611-F6B8-4516-988E-45B4679E6F65}.Release|Any CPU.Build.0 = Release|Any CPU
		{D2DE7611-F6B8-4516-988E-45B4679E6F65}.Release|iPhone.ActiveCfg = Release|Any CPU
		{D2DE7611-F6B8-4516-988E-45B4679E6F65}.Release|iPhone.Build.0 = Release|Any CPU
		{D2DE7611-F6B8-4516-988E-45B4679E6F65}.Release|iPhoneSimulator.ActiveCfg = Release|Any CPU
		{D2DE7611-F6B8-4516-988E-45B4679E6F65}.Release|iPhoneSimulator.Build.0 = Release|Any CPU
		{F9BBBD33-13A8-4B31-96FB-0C9705D6CF9B}.Debug|Any CPU.ActiveCfg = Debug|Any CPU
		{F9BBBD33-13A8-4B31-96FB-0C9705D6CF9B}.Debug|Any CPU.Build.0 = Debug|Any CPU
		{F9BBBD33-13A8-4B31-96FB-0C9705D6CF9B}.Debug|iPhone.ActiveCfg = Debug|Any CPU
		{F9BBBD33-13A8-4B31-96FB-0C9705D6CF9B}.Debug|iPhone.Build.0 = Debug|Any CPU
		{F9BBBD33-13A8-4B31-96FB-0C9705D6CF9B}.Debug|iPhoneSimulator.ActiveCfg = Debug|Any CPU
		{F9BBBD33-13A8-4B31-96FB-0C9705D6CF9B}.Debug|iPhoneSimulator.Build.0 = Debug|Any CPU
		{F9BBBD33-13A8-4B31-96FB-0C9705D6CF9B}.Release|Any CPU.ActiveCfg = Release|Any CPU
		{F9BBBD33-13A8-4B31-96FB-0C9705D6CF9B}.Release|Any CPU.Build.0 = Release|Any CPU
		{F9BBBD33-13A8-4B31-96FB-0C9705D6CF9B}.Release|iPhone.ActiveCfg = Release|Any CPU
		{F9BBBD33-13A8-4B31-96FB-0C9705D6CF9B}.Release|iPhone.Build.0 = Release|Any CPU
		{F9BBBD33-13A8-4B31-96FB-0C9705D6CF9B}.Release|iPhoneSimulator.ActiveCfg = Release|Any CPU
		{F9BBBD33-13A8-4B31-96FB-0C9705D6CF9B}.Release|iPhoneSimulator.Build.0 = Release|Any CPU
		{FB6DAE0A-A47B-4056-B3DA-2B00CD8E6391}.Debug|Any CPU.ActiveCfg = Debug|Any CPU
		{FB6DAE0A-A47B-4056-B3DA-2B00CD8E6391}.Debug|Any CPU.Build.0 = Debug|Any CPU
		{FB6DAE0A-A47B-4056-B3DA-2B00CD8E6391}.Debug|iPhone.ActiveCfg = Debug|Any CPU
		{FB6DAE0A-A47B-4056-B3DA-2B00CD8E6391}.Debug|iPhone.Build.0 = Debug|Any CPU
		{FB6DAE0A-A47B-4056-B3DA-2B00CD8E6391}.Debug|iPhoneSimulator.ActiveCfg = Debug|Any CPU
		{FB6DAE0A-A47B-4056-B3DA-2B00CD8E6391}.Debug|iPhoneSimulator.Build.0 = Debug|Any CPU
		{FB6DAE0A-A47B-4056-B3DA-2B00CD8E6391}.Release|Any CPU.ActiveCfg = Release|Any CPU
		{FB6DAE0A-A47B-4056-B3DA-2B00CD8E6391}.Release|Any CPU.Build.0 = Release|Any CPU
		{FB6DAE0A-A47B-4056-B3DA-2B00CD8E6391}.Release|iPhone.ActiveCfg = Release|Any CPU
		{FB6DAE0A-A47B-4056-B3DA-2B00CD8E6391}.Release|iPhone.Build.0 = Release|Any CPU
		{FB6DAE0A-A47B-4056-B3DA-2B00CD8E6391}.Release|iPhoneSimulator.ActiveCfg = Release|Any CPU
		{FB6DAE0A-A47B-4056-B3DA-2B00CD8E6391}.Release|iPhoneSimulator.Build.0 = Release|Any CPU
		{FD4E7FC2-652B-47AC-A149-F1AA6A46D53D}.Debug|Any CPU.ActiveCfg = Debug|iPhoneSimulator
		{FD4E7FC2-652B-47AC-A149-F1AA6A46D53D}.Debug|Any CPU.Build.0 = Debug|iPhoneSimulator
		{FD4E7FC2-652B-47AC-A149-F1AA6A46D53D}.Debug|iPhone.ActiveCfg = Debug|iPhone
		{FD4E7FC2-652B-47AC-A149-F1AA6A46D53D}.Debug|iPhone.Build.0 = Debug|iPhone
		{FD4E7FC2-652B-47AC-A149-F1AA6A46D53D}.Debug|iPhoneSimulator.ActiveCfg = Debug|iPhoneSimulator
		{FD4E7FC2-652B-47AC-A149-F1AA6A46D53D}.Debug|iPhoneSimulator.Build.0 = Debug|iPhoneSimulator
		{FD4E7FC2-652B-47AC-A149-F1AA6A46D53D}.Release|Any CPU.ActiveCfg = Release|iPhone
		{FD4E7FC2-652B-47AC-A149-F1AA6A46D53D}.Release|Any CPU.Build.0 = Release|iPhone
		{FD4E7FC2-652B-47AC-A149-F1AA6A46D53D}.Release|iPhone.ActiveCfg = Release|iPhone
		{FD4E7FC2-652B-47AC-A149-F1AA6A46D53D}.Release|iPhone.Build.0 = Release|iPhone
		{FD4E7FC2-652B-47AC-A149-F1AA6A46D53D}.Release|iPhoneSimulator.ActiveCfg = Release|iPhoneSimulator
		{FD4E7FC2-652B-47AC-A149-F1AA6A46D53D}.Release|iPhoneSimulator.Build.0 = Release|iPhoneSimulator
	EndGlobalSection
	GlobalSection(MonoDevelopProperties) = preSolution
		Policies = $0
		$0.DotNetNamingPolicy = $1
		$1.DirectoryNamespaceAssociation = None
		$1.ResourceNamePolicy = FileFormatDefault
	EndGlobalSection
EndGlobal
