
Microsoft Visual Studio Solution File, Format Version 12.00
# Visual Studio Version 16
VisualStudioVersion = 25.0.1705.6
MinimumVisualStudioVersion = 10.0.40219.1
Project("{FAE04EC0-301F-11D3-BF4B-00C04F79EFBC}") = "BranchSDK.iOSBinding", "BranchSDK.iOSBinding.csproj", "{8B59E11C-6B70-4330-838C-777F8FEC2870}"
EndProject
Global
	GlobalSection(SolutionConfigurationPlatforms) = preSolution
		Debug|Any CPU = Debug|Any CPU
		Release|Any CPU = Release|Any CPU
	EndGlobalSection
	GlobalSection(ProjectConfigurationPlatforms) = postSolution
		{8B59E11C-6B70-4330-838C-777F8FEC2870}.Debug|Any CPU.ActiveCfg = Debug|Any CPU
		{8B59E11C-6B70-4330-838C-777F8FEC2870}.Debug|Any CPU.Build.0 = Debug|Any CPU
		{8B59E11C-6B70-4330-838C-777F8FEC2870}.Release|Any CPU.ActiveCfg = Release|Any CPU
		{8B59E11C-6B70-4330-838C-777F8FEC2870}.Release|Any CPU.Build.0 = Release|Any CPU
	EndGlobalSection
	GlobalSection(SolutionProperties) = preSolution
		HideSolutionNode = FALSE
	EndGlobalSection
	GlobalSection(ExtensibilityGlobals) = postSolution
		SolutionGuid = {6446A389-EF69-408F-B06D-BEB91F10AD3A}
	EndGlobalSection
EndGlobal
